
Microsoft Visual Studio Solution File, Format Version 12.00
# Visual Studio Version 17
VisualStudioVersion = 17.3.32929.385
MinimumVisualStudioVersion = 10.0.40219.1
Project("{FAE04EC0-301F-11D3-BF4B-00C04F79EFBC}") = "Enum", "Enum\Enum.csproj", "{B73CB025-7C99-431E-BCB7-0CF8619E41D4}"
EndProject
Global
	GlobalSection(SolutionConfigurationPlatforms) = preSolution
		Debug|Any CPU = Debug|Any CPU
		Release|Any CPU = Release|Any CPU
	EndGlobalSection
	GlobalSection(ProjectConfigurationPlatforms) = postSolution
		{B73CB025-7C99-431E-BCB7-0CF8619E41D4}.Debug|Any CPU.ActiveCfg = Debug|Any CPU
		{B73CB025-7C99-431E-BCB7-0CF8619E41D4}.Debug|Any CPU.Build.0 = Debug|Any CPU
		{B73CB025-7C99-431E-BCB7-0CF8619E41D4}.Release|Any CPU.ActiveCfg = Release|Any CPU
		{B73CB025-7C99-431E-BCB7-0CF8619E41D4}.Release|Any CPU.Build.0 = Release|Any CPU
	EndGlobalSection
	GlobalSection(SolutionProperties) = preSolution
		HideSolutionNode = FALSE
	EndGlobalSection
	GlobalSection(ExtensibilityGlobals) = postSolution
		SolutionGuid = {6F255B9C-9C85-4F7E-8772-3E97700B1CBA}
	EndGlobalSection
EndGlobal
